
Microsoft Visual Studio Solution File, Format Version 12.00
# Visual Studio Version 17
VisualStudioVersion = 17.5.2.0
MinimumVisualStudioVersion = 10.0.40219.1
Project("{FAE04EC0-301F-11D3-BF4B-00C04F79EFBC}") = "GestaoRH-API", "GestaoRH-API.csproj", "{3289C898-3D83-0C4A-3627-C7BAE1EE1434}"
EndProject
Project("{FAE04EC0-301F-11D3-BF4B-00C04F79EFBC}") = "GestaoRH.ArchitectureTests", "ArchitectureTests\GestaoRH.ArchitectureTests.csproj", "{43143534-AB9B-4A88-A90D-95524E2F3D41}"
EndProject
Project("{2150E333-8FDC-42A3-9474-1A3956D46DE8}") = "UnitTests", "UnitTests", "{2F646680-91A4-F107-74F4-9BF3126A0F16}"
EndProject
Project("{FAE04EC0-301F-11D3-BF4B-00C04F79EFBC}") = "GestaoRH.UnitTests", "UnitTests\GestaoRH.UnitTests.csproj", "{70DCC647-9726-425F-8855-72AA38DB05E5}"
EndProject
Global
	GlobalSection(SolutionConfigurationPlatforms) = preSolution
		Debug|Any CPU = Debug|Any CPU
		Debug|x64 = Debug|x64
		Debug|x86 = Debug|x86
		Release|Any CPU = Release|Any CPU
		Release|x64 = Release|x64
		Release|x86 = Release|x86
	EndGlobalSection
	GlobalSection(ProjectConfigurationPlatforms) = postSolution
		{3289C898-3D83-0C4A-3627-C7BAE1EE1434}.Debug|Any CPU.ActiveCfg = Debug|Any CPU
		{3289C898-3D83-0C4A-3627-C7BAE1EE1434}.Debug|Any CPU.Build.0 = Debug|Any CPU
		{3289C898-3D83-0C4A-3627-C7BAE1EE1434}.Debug|x64.ActiveCfg = Debug|Any CPU
		{3289C898-3D83-0C4A-3627-C7BAE1EE1434}.Debug|x64.Build.0 = Debug|Any CPU
		{3289C898-3D83-0C4A-3627-C7BAE1EE1434}.Debug|x86.ActiveCfg = Debug|Any CPU
		{3289C898-3D83-0C4A-3627-C7BAE1EE1434}.Debug|x86.Build.0 = Debug|Any CPU
		{3289C898-3D83-0C4A-3627-C7BAE1EE1434}.Release|Any CPU.ActiveCfg = Release|Any CPU
		{3289C898-3D83-0C4A-3627-C7BAE1EE1434}.Release|Any CPU.Build.0 = Release|Any CPU
		{3289C898-3D83-0C4A-3627-C7BAE1EE1434}.Release|x64.ActiveCfg = Release|Any CPU
		{3289C898-3D83-0C4A-3627-C7BAE1EE1434}.Release|x64.Build.0 = Release|Any CPU
		{3289C898-3D83-0C4A-3627-C7BAE1EE1434}.Release|x86.ActiveCfg = Release|Any CPU
		{3289C898-3D83-0C4A-3627-C7BAE1EE1434}.Release|x86.Build.0 = Release|Any CPU
		{43143534-AB9B-4A88-A90D-95524E2F3D41}.Debug|Any CPU.ActiveCfg = Debug|Any CPU
		{43143534-AB9B-4A88-A90D-95524E2F3D41}.Debug|Any CPU.Build.0 = Debug|Any CPU
		{43143534-AB9B-4A88-A90D-95524E2F3D41}.Debug|x64.ActiveCfg = Debug|Any CPU
		{43143534-AB9B-4A88-A90D-95524E2F3D41}.Debug|x64.Build.0 = Debug|Any CPU
		{43143534-AB9B-4A88-A90D-95524E2F3D41}.Debug|x86.ActiveCfg = Debug|Any CPU
		{43143534-AB9B-4A88-A90D-95524E2F3D41}.Debug|x86.Build.0 = Debug|Any CPU
		{43143534-AB9B-4A88-A90D-95524E2F3D41}.Release|Any CPU.ActiveCfg = Release|Any CPU
		{43143534-AB9B-4A88-A90D-95524E2F3D41}.Release|Any CPU.Build.0 = Release|Any CPU
		{43143534-AB9B-4A88-A90D-95524E2F3D41}.Release|x64.ActiveCfg = Release|Any CPU
		{43143534-AB9B-4A88-A90D-95524E2F3D41}.Release|x64.Build.0 = Release|Any CPU
		{43143534-AB9B-4A88-A90D-95524E2F3D41}.Release|x86.ActiveCfg = Release|Any CPU
		{43143534-AB9B-4A88-A90D-95524E2F3D41}.Release|x86.Build.0 = Release|Any CPU
		{70DCC647-9726-425F-8855-72AA38DB05E5}.Debug|Any CPU.ActiveCfg = Debug|Any CPU
		{70DCC647-9726-425F-8855-72AA38DB05E5}.Debug|Any CPU.Build.0 = Debug|Any CPU
		{70DCC647-9726-425F-8855-72AA38DB05E5}.Debug|x64.ActiveCfg = Debug|Any CPU
		{70DCC647-9726-425F-8855-72AA38DB05E5}.Debug|x64.Build.0 = Debug|Any CPU
		{70DCC647-9726-425F-8855-72AA38DB05E5}.Debug|x86.ActiveCfg = Debug|Any CPU
		{70DCC647-9726-425F-8855-72AA38DB05E5}.Debug|x86.Build.0 = Debug|Any CPU
		{70DCC647-9726-425F-8855-72AA38DB05E5}.Release|Any CPU.ActiveCfg = Release|Any CPU
		{70DCC647-9726-425F-8855-72AA38DB05E5}.Release|Any CPU.Build.0 = Release|Any CPU
		{70DCC647-9726-425F-8855-72AA38DB05E5}.Release|x64.ActiveCfg = Release|Any CPU
		{70DCC647-9726-425F-8855-72AA38DB05E5}.Release|x64.Build.0 = Release|Any CPU
		{70DCC647-9726-425F-8855-72AA38DB05E5}.Release|x86.ActiveCfg = Release|Any CPU
		{70DCC647-9726-425F-8855-72AA38DB05E5}.Release|x86.Build.0 = Release|Any CPU
	EndGlobalSection
	GlobalSection(SolutionProperties) = preSolution
		HideSolutionNode = FALSE
	EndGlobalSection
	GlobalSection(NestedProjects) = preSolution
		{70DCC647-9726-425F-8855-72AA38DB05E5} = {2F646680-91A4-F107-74F4-9BF3126A0F16}
	EndGlobalSection
	GlobalSection(ExtensibilityGlobals) = postSolution
		SolutionGuid = {3BB077B2-8CFD-4767-8C60-31422C68866B}
	EndGlobalSection
EndGlobal
