Microsoft Visual Studio Solution File, Format Version 12.00
# Visual Studio Version 17
VisualStudioVersion = 17.5.2.0
MinimumVisualStudioVersion = 10.0.40219.1
Project("{FAE04EC0-301F-11D3-BF4B-00C04F79EFBC}") = "GestaoRH-API", "GestaoRH-API.csproj", "{3289C898-3D83-0C4A-3627-C7BAE1EE1434}"
EndProject
Global
	GlobalSection(SolutionConfigurationPlatforms) = preSolution
		Debug|Any CPU = Debug|Any CPU
		Release|Any CPU = Release|Any CPU
	EndGlobalSection
	GlobalSection(ProjectConfigurationPlatforms) = postSolution
		{3289C898-3D83-0C4A-3627-C7BAE1EE1434}.Debug|Any CPU.ActiveCfg = Debug|Any CPU
		{3289C898-3D83-0C4A-3627-C7BAE1EE1434}.Debug|Any CPU.Build.0 = Debug|Any CPU
		{3289C898-3D83-0C4A-3627-C7BAE1EE1434}.Release|Any CPU.ActiveCfg = Release|Any CPU
		{3289C898-3D83-0C4A-3627-C7BAE1EE1434}.Release|Any CPU.Build.0 = Release|Any CPU
	EndGlobalSection
	GlobalSection(SolutionProperties) = preSolution
		HideSolutionNode = FALSE
	EndGlobalSection
	GlobalSection(ExtensibilityGlobals) = postSolution
		SolutionGuid = {3BB077B2-8CFD-4767-8C60-31422C68866B}
	EndGlobalSection
EndGlobal
